
Microsoft Visual Studio Solution File, Format Version 12.00
# Visual Studio 15
VisualStudioVersion = 15.0.28307.421
MinimumVisualStudioVersion = 10.0.40219.1
Project("{FAE04EC0-301F-11D3-BF4B-00C04F79EFBC}") = "Practice_Task6", "Practice_Task6\Practice_Task6.csproj", "{6201C958-0C4D-45DD-BE92-2931A6424145}"
EndProject
Global
	GlobalSection(SolutionConfigurationPlatforms) = preSolution
		Debug|Any CPU = Debug|Any CPU
		Release|Any CPU = Release|Any CPU
	EndGlobalSection
	GlobalSection(ProjectConfigurationPlatforms) = postSolution
		{6201C958-0C4D-45DD-BE92-2931A6424145}.Debug|Any CPU.ActiveCfg = Debug|Any CPU
		{6201C958-0C4D-45DD-BE92-2931A6424145}.Debug|Any CPU.Build.0 = Debug|Any CPU
		{6201C958-0C4D-45DD-BE92-2931A6424145}.Release|Any CPU.ActiveCfg = Release|Any CPU
		{6201C958-0C4D-45DD-BE92-2931A6424145}.Release|Any CPU.Build.0 = Release|Any CPU
	EndGlobalSection
	GlobalSection(SolutionProperties) = preSolution
		HideSolutionNode = FALSE
	EndGlobalSection
	GlobalSection(ExtensibilityGlobals) = postSolution
		SolutionGuid = {C3CAFC81-8DBF-4FE4-8C0B-D272230A60D0}
	EndGlobalSection
EndGlobal
