
Microsoft Visual Studio Solution File, Format Version 12.00
# Visual Studio 15
VisualStudioVersion = 15.0.28307.421
MinimumVisualStudioVersion = 10.0.40219.1
Project("{FAE04EC0-301F-11D3-BF4B-00C04F79EFBC}") = "Practice_Task2", "Practice_Task2\Practice_Task2.csproj", "{7E39D776-1E57-4B1A-96DC-654EE7E3E15F}"
EndProject
Global
	GlobalSection(SolutionConfigurationPlatforms) = preSolution
		Debug|Any CPU = Debug|Any CPU
		Release|Any CPU = Release|Any CPU
	EndGlobalSection
	GlobalSection(ProjectConfigurationPlatforms) = postSolution
		{7E39D776-1E57-4B1A-96DC-654EE7E3E15F}.Debug|Any CPU.ActiveCfg = Debug|Any CPU
		{7E39D776-1E57-4B1A-96DC-654EE7E3E15F}.Debug|Any CPU.Build.0 = Debug|Any CPU
		{7E39D776-1E57-4B1A-96DC-654EE7E3E15F}.Release|Any CPU.ActiveCfg = Release|Any CPU
		{7E39D776-1E57-4B1A-96DC-654EE7E3E15F}.Release|Any CPU.Build.0 = Release|Any CPU
	EndGlobalSection
	GlobalSection(SolutionProperties) = preSolution
		HideSolutionNode = FALSE
	EndGlobalSection
	GlobalSection(ExtensibilityGlobals) = postSolution
		SolutionGuid = {80F1B377-6160-47A0-B74B-C85FAE03FFB4}
	EndGlobalSection
EndGlobal
