
Microsoft Visual Studio Solution File, Format Version 12.00
# Visual Studio 15
VisualStudioVersion = 15.0.28307.421
MinimumVisualStudioVersion = 10.0.40219.1
Project("{FAE04EC0-301F-11D3-BF4B-00C04F79EFBC}") = "Laba_10", "Laba_10\Laba_10.csproj", "{7708A09B-9B8A-4761-8840-379372633C8B}"
EndProject
Global
	GlobalSection(SolutionConfigurationPlatforms) = preSolution
		Debug|Any CPU = Debug|Any CPU
		Release|Any CPU = Release|Any CPU
	EndGlobalSection
	GlobalSection(ProjectConfigurationPlatforms) = postSolution
		{7708A09B-9B8A-4761-8840-379372633C8B}.Debug|Any CPU.ActiveCfg = Debug|Any CPU
		{7708A09B-9B8A-4761-8840-379372633C8B}.Debug|Any CPU.Build.0 = Debug|Any CPU
		{7708A09B-9B8A-4761-8840-379372633C8B}.Release|Any CPU.ActiveCfg = Release|Any CPU
		{7708A09B-9B8A-4761-8840-379372633C8B}.Release|Any CPU.Build.0 = Release|Any CPU
	EndGlobalSection
	GlobalSection(SolutionProperties) = preSolution
		HideSolutionNode = FALSE
	EndGlobalSection
	GlobalSection(ExtensibilityGlobals) = postSolution
		SolutionGuid = {8E8D8209-0C0C-4A71-9E69-30FBF78610F8}
	EndGlobalSection
EndGlobal
